version = 1
revision = 3
requires-python = ">=3.11"
resolution-markers = [
    "python_full_version >= '3.12'",
    "python_full_version < '3.12'",
]

[[package]]
name = "astroid"
version = "4.0.4"
source = { registry = "https://pypi.org/simple" }
sdist = { url = "https://files.pythonhosted.org/packages/07/63/0adf26577da5eff6eb7a177876c1cfa213856be9926a000f65c4add9692b/astroid-4.0.4.tar.gz", hash = "sha256:986fed8bcf79fb82c78b18a53352a0b287a73817d6dbcfba3162da36667c49a0", size = 406358, upload-time = "2026-02-07T23:35:07.509Z" }
wheels = [
    { url = "https://files.pythonhosted.org/packages/b0/cf/1c5f42b110e57bc5502eb80dbc3b03d256926062519224835ef08134f1f9/astroid-4.0.4-py3-none-any.whl", hash = "sha256:52f39653876c7dec3e3afd4c2696920e05c83832b9737afc21928f2d2eb7a753", size = 276445, upload-time = "2026-02-07T23:35:05.344Z" },
]

[[package]]
name = "capstone"
version = "5.0.9"
source = { registry = "https://pypi.org/simple" }
sdist = { url = "https://files.pythonhosted.org/packages/39/01/6516910f546fbb996068207b9dd0229b14bc8dae223114d5e0e27d3cad11/capstone-5.0.9.tar.gz", hash = "sha256:0429af292ddc604d3c9344696807e281d5e728db029f00e6a4ea9e3bff1aac9e", size = 2947300, upload-time = "2026-05-28T16:05:57.968Z" }
wheels = [
    { url = "https://files.pythonhosted.org/packages/da/f3/43f4dbfc36c7740d512621a9d42b276ac21bb6ca7cb974d4c8a19060d387/capstone-5.0.9-py3-none-macosx_10_9_universal2.whl", hash = "sha256:58a874d9a6cb15122135b1385a782e5b54c8a4d9396161b6498465046d2e0442", size = 2195391, upload-time = "2026-05-28T16:05:45.515Z" },
    { url = "https://files.pythonhosted.org/packages/70/74/d00de02c62ce864c6b43796c524516ea064e3e6fc1327d452f78270e8323/capstone-5.0.9-py3-none-macosx_10_9_x86_64.whl", hash = "sha256:8c4a1d7134d7d5290e5d77066500385f2c7a4bf66835ccbfde5180042d508b3c", size = 1190392, upload-time = "2026-05-28T16:05:46.953Z" },
    { url = "https://files.pythonhosted.org/packages/42/9a/4eecfbc94961cda70301fd13de69042be1943bee456e37bc1369840601b1/capstone-5.0.9-py3-none-macosx_11_0_arm64.whl", hash = "sha256:fc269c5082e17d7f9f265cd6980e2fdc6ab572df913951d76db0357e06b8001d", size = 1202361, upload-time = "2026-05-28T16:05:48.1Z" },
    { url = "https://files.pythonhosted.org/packages/45/d9/dbeadb9fcd461e608ce79b1cb647fed6baa812fa6e1c68b0ba5ef81291af/capstone-5.0.9-py3-none-manylinux_2_17_aarch64.manylinux2014_aarch64.whl", hash = "sha256:41772ad0c71aa5d3e97d541e802593c2e71fb94ac7e20d4202f97ce2a3eb8ed5", size = 1461016, upload-time = "2026-05-28T16:05:49.554Z" },
    { url = "https://files.pythonhosted.org/packages/d1/39/17747862222bb062e86b501f1f148d5ff589b77908b080d30f7f085cbfb7/capstone-5.0.9-py3-none-manylinux_2_17_x86_64.manylinux2014_x86_64.whl", hash = "sha256:273fd8d747d2e35c88f91450be51a603ecfaafb00d96d9f315dcb8689c86193e", size = 1485316, upload-time = "2026-05-28T16:05:50.721Z" },
    { url = "https://files.pythonhosted.org/packages/12/56/9a694f60f5b26612039d975c1c84d2ad8fd0ad839b0b1058dbe68dd32b0b/capstone-5.0.9-py3-none-manylinux_2_5_i686.manylinux1_i686.manylinux_2_17_i686.manylinux2014_i686.whl", hash = "sha256:1f5871b57e987d5bf23b531fbe868211b74ad750fa9b830a3d3cdc4956bc0ae3", size = 1483221, upload-time = "2026-05-28T16:05:51.925Z" },
    { url = "https://files.pythonhosted.org/packages/b9/74/c178ac241892bb3668b633065bdbe6dc719c2aa54668d68a8e23a6753525/capstone-5.0.9-py3-none-musllinux_1_2_aarch64.whl", hash = "sha256:69064219c814ad64af35469a7c4ddd19b730cacb96a1a796435ccde0e1567d05", size = 1459140, upload-time = "2026-05-28T16:05:53.182Z" },
    { url = "https://files.pythonhosted.org/packages/7b/f3/3865a0371603994f8bf521595b3072080bfe1b715f8bd080988d026dd2a1/capstone-5.0.9-py3-none-musllinux_1_2_i686.whl", hash = "sha256:0cc3b1ec319ab0530efc6b181491b77dd3373c81b6dbcf2f05a80e3d8dd61d5e", size = 1488205, upload-time = "2026-05-28T16:05:54.31Z" },
    { url = "https://files.pythonhosted.org/packages/09/a1/39a575aa27a35b43b0ad93065a1803dba39038060eccfb29031d82e3fb2c/capstone-5.0.9-py3-none-musllinux_1_2_x86_64.whl", hash = "sha256:cfec34e6e01472fe60850c87c5bea9918c274fa2a605b510e6489bf87c0c9960", size = 1488865, upload-time = "2026-05-28T16:05:55.603Z" },
    { url = "https://files.pythonhosted.org/packages/50/e6/6f06fdb6a9ed32b2f7cd9c036b92d5324112c3ef7080f2c71efc367d40dd/capstone-5.0.9-py3-none-win_amd64.whl", hash = "sha256:732cedbbb56d42e723f14d7af6387f1454194a820b4b96b56d1e53f865ef85d0", size = 1273459, upload-time = "2026-05-28T16:05:56.73Z" },
]

[[package]]
name = "colorama"
version = "0.4.6"
source = { registry = "https://pypi.org/simple" }
sdist = { url = "https://files.pythonhosted.org/packages/d8/53/6f443c9a4a8358a93a6792e2acffb9d9d5cb0a5cfd8802644b7b1c9a02e4/colorama-0.4.6.tar.gz", hash = "sha256:08695f5cb7ed6e0531a20572697297273c47b8cae5a63ffc6d6ed5c201be6e44", size = 27697, upload-time = "2022-10-25T02:36:22.414Z" }
wheels = [
    { url = "https://files.pythonhosted.org/packages/d1/d6/3965ed04c63042e047cb6a3e6ed1a63a35087b6a609aa3a15ed8ac56c221/colorama-0.4.6-py2.py3-none-any.whl", hash = "sha256:4f1d9991f5acc0ca119f9d443620b77f9d6b33703e51011c16baf57afb285fc6", size = 25335, upload-time = "2022-10-25T02:36:20.889Z" },
]

[[package]]
name = "dill"
version = "0.4.1"
source = { registry = "https://pypi.org/simple" }
sdist = { url = "https://files.pythonhosted.org/packages/81/e1/56027a71e31b02ddc53c7d65b01e68edf64dea2932122fe7746a516f75d5/dill-0.4.1.tar.gz", hash = "sha256:423092df4182177d4d8ba8290c8a5b640c66ab35ec7da59ccfa00f6fa3eea5fa", size = 187315, upload-time = "2026-01-19T02:36:56.85Z" }
wheels = [
    { url = "https://files.pythonhosted.org/packages/1e/77/dc8c558f7593132cf8fefec57c4f60c83b16941c574ac5f619abb3ae7933/dill-0.4.1-py3-none-any.whl", hash = "sha256:1e1ce33e978ae97fcfcff5638477032b801c46c7c65cf717f95fbc2248f79a9d", size = 120019, upload-time = "2026-01-19T02:36:55.663Z" },
]

[[package]]
name = "isort"
version = "8.0.1"
source = { registry = "https://pypi.org/simple" }
sdist = { url = "https://files.pythonhosted.org/packages/ef/7c/ec4ab396d31b3b395e2e999c8f46dec78c5e29209fac49d1f4dace04041d/isort-8.0.1.tar.gz", hash = "sha256:171ac4ff559cdc060bcfff550bc8404a486fee0caab245679c2abe7cb253c78d", size = 769592, upload-time = "2026-02-28T10:08:20.685Z" }
wheels = [
    { url = "https://files.pythonhosted.org/packages/3e/95/c7c34aa53c16353c56d0b802fba48d5f5caa2cdee7958acbcb795c830416/isort-8.0.1-py3-none-any.whl", hash = "sha256:28b89bc70f751b559aeca209e6120393d43fbe2490de0559662be7a9787e3d75", size = 89733, upload-time = "2026-02-28T10:08:19.466Z" },
]

[[package]]
name = "lief"
version = "0.17.6"
source = { registry = "https://pypi.org/simple" }
sdist = { url = "https://files.pythonhosted.org/packages/d9/b9/6b27bff4676de0db4231ca585ed35bc6e13f5430c1bbf0ad0e9d2e9f552f/lief-0.17.6.tar.gz", hash = "sha256:c2164243f152e82c49b0ccd606155b758644f4b1ee221f0dbd4da055469a922f", size = 7171, upload-time = "2026-03-18T06:59:43.351Z" }
wheels = [
    { url = "https://files.pythonhosted.org/packages/08/b9/ac73db72900eb87e9bd4f2b3b741a9af74bf632eb1b2823d72f922a76ee8/lief-0.17.6-cp311-cp311-macosx_11_0_arm64.whl", hash = "sha256:68cc28da07bd50a530590a56142c809a68035f29ace0b107046b0e0784650f50", size = 2989752, upload-time = "2026-03-18T06:57:33.557Z" },
    { url = "https://files.pythonhosted.org/packages/f5/78/fcc1fa1b79610a54c71e4acd4347948f30f07519ba598ce8e8b55a680478/lief-0.17.6-cp311-cp311-macosx_11_0_x86_64.whl", hash = "sha256:ba6fb4f5926f3631e0de13218bedce0cc6b229c7eb84fae095f0985385c8beb1", size = 3095326, upload-time = "2026-03-18T06:57:35.147Z" },
    { url = "https://files.pythonhosted.org/packages/cb/87/c27d7411c920497429da9364d0a02f34ef5605143f4531e0a3175966b59a/lief-0.17.6-cp311-cp311-manylinux2014_aarch64.whl", hash = "sha256:6dce8652883b5b7fe06b5416807a8bc3cc4c1ab3e498512d242c38925e8a7d77", size = 3665830, upload-time = "2026-03-18T06:57:37.115Z" },
    { url = "https://files.pythonhosted.org/packages/c7/c8/9fc1cbe95ec6b5c963152c2136ab59cc9baf30b54402a8dda5c8e53a8f34/lief-0.17.6-cp311-cp311-manylinux_2_28_i686.whl", hash = "sha256:3ae021be2d65ea6f522884356c152ddf25d16674bab00240b04abe83c1cd5cb8", size = 3468663, upload-time = "2026-03-18T06:57:39.048Z" },
    { url = "https://files.pythonhosted.org/packages/96/1b/16128615044653349ec6322a5303f50fa2036b8c7fe4c6532191f6cb21c2/lief-0.17.6-cp311-cp311-manylinux_2_28_x86_64.whl", hash = "sha256:94463d54bc5ecce9e3ae3855a084bacd5b473a23c1a080746bf54a0ed0339255", size = 3392279, upload-time = "2026-03-18T06:57:41.849Z" },
    { url = "https://files.pythonhosted.org/packages/fe/57/e6a834f792399a958bab70273899511ce3866b340b96950b948234f5e1e5/lief-0.17.6-cp311-cp311-musllinux_1_2_aarch64.whl", hash = "sha256:f471fa92430de76b84aa9d036d7fa7cd14256a81814fd3a055d156462fb5bb56", size = 3587501, upload-time = "2026-03-18T06:57:43.439Z" },
    { url = "https://files.pythonhosted.org/packages/34/cc/67804187ccc810b5d0f0da9e96f8f6dc08f42c966d5f4ebd6646c236d2d8/lief-0.17.6-cp311-cp311-musllinux_1_2_i686.whl", hash = "sha256:4e03969294b3be2728162fd3ce15f9f6d1571ba05f62abbb6aa9512c656e22c3", size = 3925847, upload-time = "2026-03-18T06:57:45.152Z" },
    { url = "https://files.pythonhosted.org/packages/b9/66/51af5df317631dc9fb974c3fe9061148519b8af492c2bfc6d60ffc6eff83/lief-0.17.6-cp311-cp311-musllinux_1_2_x86_64.whl", hash = "sha256:7b690c719abf67632701ff69e14a22610eef79100b51abc5e7fbdc70a3d19504", size = 3695570, upload-time = "2026-03-18T06:57:47.075Z" },
    { url = "https://files.pythonhosted.org/packages/7f/4a/0a65be6faf0a4426e3cf71ce49565da0c12a745d4bcb623309467803a26d/lief-0.17.6-cp311-cp311-win32.whl", hash = "sha256:fb8ea20af86b25b852d7fa4ba96cdaab2184b1a1529469786b2474dc2e1be446", size = 3439338, upload-time = "2026-03-18T06:57:48.664Z" },
    { url = "https://files.pythonhosted.org/packages/27/6a/5c79df6a36e249332a661dfb6d0a892af657d561d03f4838d491f3922875/lief-0.17.6-cp311-cp311-win_amd64.whl", hash = "sha256:347495918478606fc47d90a503791c308812f0a3ef5200b2c1e577e0bebd7c7e", size = 3627765, upload-time = "2026-03-18T06:57:50.665Z" },
    { url = "https://files.pythonhosted.org/packages/7a/31/a1ba3dc448cd560622dee015fdfd76c689eb150e9d60b59ebdf1908d074a/lief-0.17.6-cp311-cp311-win_arm64.whl", hash = "sha256:1b8339f385b64bf9da42ac8f5d5fc4c9f4235c4d9d804e472ffe8f1fddc830cb", size = 3458551, upload-time = "2026-03-18T06:57:52.178Z" },
    { url = "https://files.pythonhosted.org/packages/1f/29/e7a0dabcb853867da70fda2b397012dd3d9ef4994ab7e8bd21f248bea64b/lief-0.17.6-cp312-cp312-macosx_11_0_arm64.whl", hash = "sha256:c5a19642e42578fe0b701bd86b10dd7e86d69c35c67d25ac1433f72410a7c2bb", size = 2997018, upload-time = "2026-03-18T06:57:53.686Z" },
    { url = "https://files.pythonhosted.org/packages/97/1b/ad22e3e18b462ad3e3737cd07f01b88fbaf59c84cec66c665832a48441e2/lief-0.17.6-cp312-cp312-macosx_11_0_x86_64.whl", hash = "sha256:e1ded9ee9b5184b5753e4823343e3550a623d34f5407cb2f8d7918e17856d860", size = 3106901, upload-time = "2026-03-18T06:57:55.293Z" },
    { url = "https://files.pythonhosted.org/packages/d5/22/d80506bad2b23d7010ab7c23e81c6c9b099b2860136fd2ae724a2ab2b820/lief-0.17.6-cp312-cp312-manylinux2014_aarch64.whl", hash = "sha256:e29552f52749249c9b05041d96d9156de20207d745916d599b4eb49ee7a8e1bf", size = 3666809, upload-time = "2026-03-18T06:57:57.105Z" },
    { url = "https://files.pythonhosted.org/packages/f4/99/db752fef6c3455c7612a46a834f37a955e329af60546f0e82510653144cd/lief-0.17.6-cp312-cp312-manylinux_2_28_i686.whl", hash = "sha256:e186ac1ea8a5f4729c4b8d2b7f2fe6c55dbf1eddd8bc15fa4d19ed08dfa6cc54", size = 3473955, upload-time = "2026-03-18T06:57:59.043Z" },
    { url = "https://files.pythonhosted.org/packages/6b/9f/77ca67789fda7fee355c8b4e6c58c0717fa4c5c3c5a4272777eb993df172/lief-0.17.6-cp312-cp312-manylinux_2_28_x86_64.whl", hash = "sha256:1df9b22f3851de7d0e86a8731ad07e47ca562ebe430605d90aecfcd6d20125d0", size = 3402099, upload-time = "2026-03-18T06:58:00.999Z" },
    { url = "https://files.pythonhosted.org/packages/82/43/859b6fbd1914d71e20047308719765956856a6f1f19bbbdac44311cd9eda/lief-0.17.6-cp312-cp312-musllinux_1_2_aarch64.whl", hash = "sha256:6484de5a7053c1b7022cb93f41450532f93daaf6b5ce6421c682b87fd2cd2122", size = 3589071, upload-time = "2026-03-18T06:58:02.685Z" },
    { url = "https://files.pythonhosted.org/packages/74/d5/7a042746ca0ac66f17b5dfe9ec3258cdf6bf84d0ba13a23315605038d52e/lief-0.17.6-cp312-cp312-musllinux_1_2_i686.whl", hash = "sha256:04b07e91213ce345febb4698efd310c6745f48190a1d7ce5dd0e7b306839362d", size = 3931684, upload-time = "2026-03-18T06:58:05.038Z" },
    { url = "https://files.pythonhosted.org/packages/21/18/dbe8944ce3a809885ff87afe474c1be3081f1deb264e84a79c5c05b4a6e3/lief-0.17.6-cp312-cp312-musllinux_1_2_x86_64.whl", hash = "sha256:5df55be6cd29c654b8a205846d67637955063ad0cfd83875451f339cf623b101", size = 3703617, upload-time = "2026-03-18T06:58:06.814Z" },
    { url = "https://files.pythonhosted.org/packages/a0/16/c83222badede13959735f3b253fb52d231327b5386d6fd2cf9e3d4b83933/lief-0.17.6-cp312-cp312-win32.whl", hash = "sha256:0aca84f35ec67854ffdb38a23b1848cb214df3e3f95eb7579bac3107e9f68cc8", size = 3446288, upload-time = "2026-03-18T06:58:08.987Z" },
    { url = "https://files.pythonhosted.org/packages/17/d7/cd49540bb32fde031e612044d1345c381e79e5b0729b47ca6b9694a47071/lief-0.17.6-cp312-cp312-win_amd64.whl", hash = "sha256:5a34d651eb82e24a113f837b1a961d23e155be41d72bf39a37407854c6597a8b", size = 3639449, upload-time = "2026-03-18T06:58:10.821Z" },
    { url = "https://files.pythonhosted.org/packages/2e/96/c557b6757b72cfaea89a432e9d0a5ea669970ef9ae8086a17d1f73274156/lief-0.17.6-cp312-cp312-win_arm64.whl", hash = "sha256:234a422fe7158e755ac0acdd0bfdfd41f75392dad9dac147dd3b9c7a9f1a6811", size = 3461129, upload-time = "2026-03-18T06:58:12.651Z" },
    { url = "https://files.pythonhosted.org/packages/9a/40/285c39e29bf7ecf5045f5aef1344419d23ae4c729671157406988570ce02/lief-0.17.6-cp313-cp313-macosx_11_0_arm64.whl", hash = "sha256:7384abed26200f8c6cb50ca9cedac70e7452e85fe72e82d4c5e9050c78eff0ae", size = 2990524, upload-time = "2026-03-18T06:58:14.172Z" },
    { url = "https://files.pythonhosted.org/packages/ac/82/afc7124787b4ae13d84135341d4721da9ed8f699a940bc7e2851e6d25c62/lief-0.17.6-cp313-cp313-macosx_11_0_x86_64.whl", hash = "sha256:7b7759b443745d0e5211d87723c0a84c4a74364ef6194cc8f8d315d98d117648", size = 3106720, upload-time = "2026-03-18T06:58:16.04Z" },
    { url = "https://files.pythonhosted.org/packages/50/96/8aca6e7e70d68cdbd6aecf2adbb88bef1194d5657794c522a09cb0ddafd2/lief-0.17.6-cp313-cp313-manylinux2014_aarch64.whl", hash = "sha256:3e59a64012a602772270aa1a930cff9c39cddca42f0ca5d7f1959f4dd951f38e", size = 3666563, upload-time = "2026-03-18T06:58:18.28Z" },
    { url = "https://files.pythonhosted.org/packages/80/c1/5bdfd614a740f4bd22c20abb4c3b352f082fe75980ea73e6d4fccf356f37/lief-0.17.6-cp313-cp313-manylinux_2_28_i686.whl", hash = "sha256:f764c77c848cf7478623e754099f50699d5e23b5bc4a34ce68cd20af7e0b5541", size = 3473626, upload-time = "2026-03-18T06:58:20.048Z" },
    { url = "https://files.pythonhosted.org/packages/7c/f5/bf4be32af7b1892a8a1a2d3edb75a6a418548801548f39f3f879a6d3be73/lief-0.17.6-cp313-cp313-manylinux_2_28_x86_64.whl", hash = "sha256:520e5f8a7b1e2487630e27639751d9fb13c94205fed72d358a87994e44a73815", size = 3402364, upload-time = "2026-03-18T06:58:21.871Z" },
    { url = "https://files.pythonhosted.org/packages/eb/c5/84aa0c62636d0e0e9754cbab77ab9bb21b306e0be707475045b3d4dc5947/lief-0.17.6-cp313-cp313-musllinux_1_2_aarch64.whl", hash = "sha256:dbfe15d3d21d389857dac8cedc04f03f8ef98c5503e5e147a34480ecbf351826", size = 3589949, upload-time = "2026-03-18T06:58:23.634Z" },
    { url = "https://files.pythonhosted.org/packages/e3/69/d5444ef2ec27adb777f4c08248a934dfdc2c65c1e4f66fbe10faf65fa01f/lief-0.17.6-cp313-cp313-musllinux_1_2_i686.whl", hash = "sha256:de5716279c82640359fe59137ec0572a1ed9859051c1d901de593d6e0e99d9c8", size = 3931688, upload-time = "2026-03-18T06:58:25.49Z" },
    { url = "https://files.pythonhosted.org/packages/58/53/2b8083800a6bc9f157a40ed30b53e6ca81147af565de46623891a45336b0/lief-0.17.6-cp313-cp313-musllinux_1_2_x86_64.whl", hash = "sha256:ef618117ec33665697e3d1fe9c15fac8d6c42e2eeaf4aca9c31ea12fdb056c67", size = 3703589, upload-time = "2026-03-18T06:58:27.27Z" },
    { url = "https://files.pythonhosted.org/packages/1a/ea/51e90c58b40bc316307f2081160ab6100b9e7d177fde3225b441085defd2/lief-0.17.6-cp313-cp313-win32.whl", hash = "sha256:2f669d5b4e63c6e66cac48e07d0f23436bf898ec9d0630016d23250e2eb43d28", size = 3446184, upload-time = "2026-03-18T06:58:28.981Z" },
    { url = "https://files.pythonhosted.org/packages/6b/73/8ddc48c492f3295637a6aa13f07c67387d80c815ee779443938689dc59b4/lief-0.17.6-cp313-cp313-win_amd64.whl", hash = "sha256:51b6c5932d4f36d61fb17fe783d9e1bfba33ec1d72b3d07486c96e6f548781ff", size = 3639310, upload-time = "2026-03-18T06:58:31.162Z" },
    { url = "https://files.pythonhosted.org/packages/bf/bf/b7802b6578ca3a6506aaac6696ac1e8de500419fee3cd288184e82a8c2aa/lief-0.17.6-cp313-cp313-win_arm64.whl", hash = "sha256:6d4eb8adce400af52cc174ac5cbe40ab10b9df5824193975d12e2d4f85b298a3", size = 3461166, upload-time = "2026-03-18T06:58:32.975Z" },
    { url = "https://files.pythonhosted.org/packages/6b/2f/1a0a116cdf4f0e9f1846e34676deed3b1275c432cde8b3aafd4ff9a77175/lief-0.17.6-cp314-cp314-macosx_11_0_arm64.whl", hash = "sha256:af39643ab79ae644d2063a2ef93de908e61a8f40e37b155683c477c1928e6c64", size = 2990571, upload-time = "2026-03-18T06:58:35.046Z" },
    { url = "https://files.pythonhosted.org/packages/76/bd/1bc1c1e364c06b74b9f16089f05622a29ed995fa8b5aba86e0a9fe5500a0/lief-0.17.6-cp314-cp314-macosx_11_0_x86_64.whl", hash = "sha256:c8129a70bc73e04fd9db4f49f386d4336a3a78ceef07c83ca74f9cf464c03c22", size = 3108044, upload-time = "2026-03-18T06:58:36.871Z" },
    { url = "https://files.pythonhosted.org/packages/80/bd/9fab6a9388fec0eec6fc975a1f49e2ff12dd4d75bfebc05d824a612c732c/lief-0.17.6-cp314-cp314-manylinux2014_aarch64.whl", hash = "sha256:b5885e8a422066f3691b9707045b85d9728eaba621991def0b4e0044b0b0b063", size = 3671717, upload-time = "2026-03-18T06:58:39.111Z" },
    { url = "https://files.pythonhosted.org/packages/86/fe/470e32a95d0d95dccee560405cc217b9a739fa96a9536e08515ca3a8df44/lief-0.17.6-cp314-cp314-manylinux_2_28_i686.whl", hash = "sha256:6324add89c366607a6d652553e4cac6309e952ca638c24f38a8b00331f064a50", size = 3473999, upload-time = "2026-03-18T06:58:40.84Z" },
    { url = "https://files.pythonhosted.org/packages/7e/0f/1dcc499697f747a9b8f5274659774a1e6529aa180d59a297619842bf458f/lief-0.17.6-cp314-cp314-manylinux_2_28_x86_64.whl", hash = "sha256:365bf48528339a0d9a5c993b0a54f5c3bb8fcd11ca85797c79f9ae6179777492", size = 3403400, upload-time = "2026-03-18T06:58:42.647Z" },
    { url = "https://files.pythonhosted.org/packages/fb/3a/7e39b5dc0c393142a72e4272c6c812d01eb9e45411f3a9afb88157389aa4/lief-0.17.6-cp314-cp314-musllinux_1_2_aarch64.whl", hash = "sha256:3bd852c4d934d9c8357d6b9491db85e6722bc0076249f8b23a205a8912a85ed5", size = 3589670, upload-time = "2026-03-18T06:58:44.707Z" },
    { url = "https://files.pythonhosted.org/packages/de/7b/b0ffc4a08860f3499d915c4efab20f5abde6722d659c5391332d06957679/lief-0.17.6-cp314-cp314-musllinux_1_2_i686.whl", hash = "sha256:8561a156ccea562e200e5bde0db8070785e3194fcd0ddf9109c8470970978076", size = 3931468, upload-time = "2026-03-18T06:58:46.894Z" },
    { url = "https://files.pythonhosted.org/packages/33/25/0992398b5ce911e29bf7d6a3e1724259358aebe5da543044d3b9ad9b4ffa/lief-0.17.6-cp314-cp314-musllinux_1_2_x86_64.whl", hash = "sha256:a74f792564a5e69915d08530618d79aa1fd8b5e7b72513fac765e1106c63f57a", size = 3705396, upload-time = "2026-03-18T06:58:48.665Z" },
    { url = "https://files.pythonhosted.org/packages/8f/51/f79886a906eee3a5abc58dc30da1e6c22c41c868e0df446fb280ff2344cb/lief-0.17.6-cp314-cp314-win32.whl", hash = "sha256:503fd8df6425a6c0386df9ca6e4f4ce29d07d268f0620ee1d4059eb4d48c2562", size = 3446331, upload-time = "2026-03-18T06:58:50.52Z" },
    { url = "https://files.pythonhosted.org/packages/83/6f/d396dae3808a35699c4be74e356d3e05f58e150fc14b49c39f0bacb62e11/lief-0.17.6-cp314-cp314-win_amd64.whl", hash = "sha256:918ea953830ecf348e5a8d9cf0b1a178035d6d4032bf2a9aa1dc72483e06b3a1", size = 3638021, upload-time = "2026-03-18T06:58:52.275Z" },
    { url = "https://files.pythonhosted.org/packages/e3/4c/02df1befee243e4c14bf5740c391178ba4f7b4602ff08936da170341afe9/lief-0.17.6-cp314-cp314-win_arm64.whl", hash = "sha256:7dcefa6467f0f0d75413a10e7869e488344347f0c67eff5bc49ec216714f0674", size = 3462306, upload-time = "2026-03-18T06:58:54.937Z" },
]

[[package]]
name = "macho-diff"
version = "0.1.0"
source = { editable = "." }
dependencies = [
    { name = "capstone" },
    { name = "lief" },
]

[package.dev-dependencies]
dev = [
    { name = "pylint" },
    { name = "ruff" },
]

[package.metadata]
requires-dist = [
    { name = "capstone", specifier = ">=5.0.9" },
    { name = "lief", specifier = ">=0.17.6" },
]

[package.metadata.requires-dev]
dev = [
    { name = "pylint", specifier = ">=4.0.6" },
    { name = "ruff", specifier = ">=0.15.16" },
]

[[package]]
name = "mccabe"
version = "0.7.0"
source = { registry = "https://pypi.org/simple" }
sdist = { url = "https://files.pythonhosted.org/packages/e7/ff/0ffefdcac38932a54d2b5eed4e0ba8a408f215002cd178ad1df0f2806ff8/mccabe-0.7.0.tar.gz", hash = "sha256:348e0240c33b60bbdf4e523192ef919f28cb2c3d7d5c7794f74009290f236325", size = 9658, upload-time = "2022-01-24T01:14:51.113Z" }
wheels = [
    { url = "https://files.pythonhosted.org/packages/27/1a/1f68f9ba0c207934b35b86a8ca3aad8395a3d6dd7921c0686e23853ff5a9/mccabe-0.7.0-py2.py3-none-any.whl", hash = "sha256:6c2d30ab6be0e4a46919781807b4f0d834ebdd6c6e3dca0bda5a15f863427b6e", size = 7350, upload-time = "2022-01-24T01:14:49.62Z" },
]

[[package]]
name = "platformdirs"
version = "4.9.6"
source = { registry = "https://pypi.org/simple" }
sdist = { url = "https://files.pythonhosted.org/packages/9f/4a/0883b8e3802965322523f0b200ecf33d31f10991d0401162f4b23c698b42/platformdirs-4.9.6.tar.gz", hash = "sha256:3bfa75b0ad0db84096ae777218481852c0ebc6c727b3168c1b9e0118e458cf0a", size = 29400, upload-time = "2026-04-09T00:04:10.812Z" }
wheels = [
    { url = "https://files.pythonhosted.org/packages/75/a6/a0a304dc33b49145b21f4808d763822111e67d1c3a32b524a1baf947b6e1/platformdirs-4.9.6-py3-none-any.whl", hash = "sha256:e61adb1d5e5cb3441b4b7710bea7e4c12250ca49439228cc1021c00dcfac0917", size = 21348, upload-time = "2026-04-09T00:04:09.463Z" },
]

[[package]]
name = "pylint"
version = "4.0.6"
source = { registry = "https://pypi.org/simple" }
dependencies = [
    { name = "astroid" },
    { name = "colorama", marker = "sys_platform == 'win32'" },
    { name = "dill" },
    { name = "isort" },
    { name = "mccabe" },
    { name = "platformdirs" },
    { name = "tomlkit" },
]
sdist = { url = "https://files.pythonhosted.org/packages/7d/1d/3bb57f303701549550d74bf7ced2b07412be97125c167a0c9d216aa9f762/pylint-4.0.6.tar.gz", hash = "sha256:52f19191bee08bf103f9705ad1a0ece4aa5a0a4ef2bdcbd969375a1e6f6579d5", size = 1585588, upload-time = "2026-06-14T14:43:26.772Z" }
wheels = [
    { url = "https://files.pythonhosted.org/packages/ab/da/acb2e7d4dbd2dfb792d38c0d850481f29ad7049b356d23f56c687d35203b/pylint-4.0.6-py3-none-any.whl", hash = "sha256:d11a0e1fdb7b1cd46ec5d6fc78fee8b95f28695b2d6140e5809925f61e32ea54", size = 538389, upload-time = "2026-06-14T14:43:24.873Z" },
]

[[package]]
name = "ruff"
version = "0.15.16"
source = { registry = "https://pypi.org/simple" }
sdist = { url = "https://files.pythonhosted.org/packages/a6/bd/5f7ec371001337d8fa61701c186ff8b613ecac1651848c5950f4c4d5f2e9/ruff-0.15.16.tar.gz", hash = "sha256:d05e78d38c78caf020b03789e25106c93017db5a0cb6e2819885018c61343b78", size = 4714267, upload-time = "2026-06-04T16:33:09.974Z" }
wheels = [
    { url = "https://files.pythonhosted.org/packages/0c/42/53ef1c3953f157956db9bf7861e3bc50b9b887ce93300aa48cdba8336fe6/ruff-0.15.16-py3-none-linux_armv6l.whl", hash = "sha256:6ac3c0b3969cc6cf6b158c4e2f8f682acb58e7d700d8a44b65ecdc72d66ab0b2", size = 10709025, upload-time = "2026-06-04T16:32:51.935Z" },
    { url = "https://files.pythonhosted.org/packages/93/9a/a79159346f19134a956607754e57d8d128f7a4c00f4ad2f7514d224c172c/ruff-0.15.16-py3-none-macosx_10_12_x86_64.whl", hash = "sha256:197c207ed75ffba54a0dec23db4aa939a27a3053073e085e0042433cbdc58e4a", size = 11063550, upload-time = "2026-06-04T16:32:42.24Z" },
    { url = "https://files.pythonhosted.org/packages/bc/72/3ce2ac000a5299ec238e01f51397b3b653c93b077d9b1bfe8715bb895f20/ruff-0.15.16-py3-none-macosx_11_0_arm64.whl", hash = "sha256:3a39fec45ab316cc23e7558f23fea4a70403ddb5648ea9a4a3854a16973d0071", size = 10421345, upload-time = "2026-06-04T16:32:37.251Z" },
    { url = "https://files.pythonhosted.org/packages/b0/c2/cc7fad3ec9169373f5b6a18f1917b91080feec40c3f9658334a1d28e2f03/ruff-0.15.16-py3-none-manylinux_2_17_aarch64.manylinux2014_aarch64.whl", hash = "sha256:ba93191d79003116b95128c9d306e045200fdbd0bccb782b110f3cd1d4abc5cf", size = 10757217, upload-time = "2026-06-04T16:32:54.722Z" },
    { url = "https://files.pythonhosted.org/packages/69/d2/3474009eaa0a65b31fa7152a2fad5e2f050c640ceb1e6b02ee6922e94c82/ruff-0.15.16-py3-none-manylinux_2_17_armv7l.manylinux2014_armv7l.whl", hash = "sha256:c6ee4b90520630120ef032aa5cc10db483852dff950e78b1d717e2993a61ac8d", size = 10507035, upload-time = "2026-06-04T16:33:05.343Z" },
    { url = "https://files.pythonhosted.org/packages/ca/81/b7ae6ccbd11f0c8dc3d5d67fc4be9b57ff57ca86ba56152021378e1277f2/ruff-0.15.16-py3-none-manylinux_2_17_i686.manylinux2014_i686.whl", hash = "sha256:4e4215bc938bc3c8215c1472c1aa437e310fee20cd427335fec9d7e609563628", size = 11255291, upload-time = "2026-06-04T16:32:49.49Z" },
    { url = "https://files.pythonhosted.org/packages/d9/e1/46e526f1a7cc90857ce6ddf25fbb77eb6568651ac38d71b033af07076dd5/ruff-0.15.16-py3-none-manylinux_2_17_ppc64le.manylinux2014_ppc64le.whl", hash = "sha256:7c8d26be963b090f10e29abc8b3e74a2a321f6fa34e02424e30b5af89350ecbb", size = 12124922, upload-time = "2026-06-04T16:33:07.821Z" },
    { url = "https://files.pythonhosted.org/packages/1a/da/5c791b088b596b24d0deb967fa28ae02ad751a140c0b9ea81c5ab915d6c0/ruff-0.15.16-py3-none-manylinux_2_17_s390x.manylinux2014_s390x.whl", hash = "sha256:f198cf4123602a2280ed46c307bcbafe41758d6fee5b456b6b6058ca1514b3b4", size = 11332186, upload-time = "2026-06-04T16:33:02.971Z" },
    { url = "https://files.pythonhosted.org/packages/72/11/5da87abe20047c8962361473923ebb2f62b595250126aadfad8c20649c1e/ruff-0.15.16-py3-none-manylinux_2_17_x86_64.manylinux2014_x86_64.whl", hash = "sha256:bb27515fa6240fb586ae82b901a59e67d24acff86f2190b433dc542fe0435aeb", size = 11373541, upload-time = "2026-06-04T16:32:47.007Z" },
    { url = "https://files.pythonhosted.org/packages/fe/2a/8554754c23a854ae3fd6b507e36ad61ddb121e298c6d5d617dec94ed0f14/ruff-0.15.16-py3-none-manylinux_2_31_riscv64.whl", hash = "sha256:a267c46ba1593fc26b8eecbea050b39d40c0b6bb7781ee11c90a02cd10032951", size = 11353014, upload-time = "2026-06-04T16:32:34.795Z" },
    { url = "https://files.pythonhosted.org/packages/62/25/62ea41529ec89f742ea3fed9cb1059c72877ec7cf9b9e99ac9cf3294d1d9/ruff-0.15.16-py3-none-musllinux_1_2_aarch64.whl", hash = "sha256:528c68f39a91498a8d50e91ff5985df3d105782bab49cc378e73ac26bff083e8", size = 10737467, upload-time = "2026-06-04T16:32:26.348Z" },
    { url = "https://files.pythonhosted.org/packages/90/17/334d3ad9de4d40f9dd58fdd09e35ce64553bb501e2f19a839e2fb6be14fc/ruff-0.15.16-py3-none-musllinux_1_2_armv7l.whl", hash = "sha256:7ed55c58950df60589a9a7a5d2f8fa5f54ebd287163be805adfe6ee95a9de123", size = 10521910, upload-time = "2026-06-04T16:32:32.54Z" },
    { url = "https://files.pythonhosted.org/packages/4d/bd/3ac7c6ae77a885c1004b3dda2446ea401768d24f851c14b4ad4b24f6639c/ruff-0.15.16-py3-none-musllinux_1_2_i686.whl", hash = "sha256:d482feaf51512b50f9790ceb417a56a61dd1e9d9bf967662b9ed27c01b34f53a", size = 10979190, upload-time = "2026-06-04T16:32:57.492Z" },
    { url = "https://files.pythonhosted.org/packages/33/d7/609546e6a413c3f216fbf2a50c928f97c80939154f6a0503114094a86191/ruff-0.15.16-py3-none-musllinux_1_2_x86_64.whl", hash = "sha256:1e15bc8c94513dae2a40cc9ef07c94fdd4ecc9e29dabebeebe170f952322c9e3", size = 11477014, upload-time = "2026-06-04T16:32:44.687Z" },
    { url = "https://files.pythonhosted.org/packages/74/0d/f2cd247ad32633a5c36e97141a2c21b11c6279f7957bc2ff360b1e08fddd/ruff-0.15.16-py3-none-win32.whl", hash = "sha256:580378f7bd4aa25f72e74aa54948a9622f142b1e509521dd10902e886681cc1e", size = 10735541, upload-time = "2026-06-04T16:32:30.145Z" },
    { url = "https://files.pythonhosted.org/packages/8b/9e/02e845ef151b1dee585e55c4739f8e1734ae1d9f1221dff65761c162208b/ruff-0.15.16-py3-none-win_amd64.whl", hash = "sha256:408256017284eddf98fff77b29aa4fb30f586042d535b2d9befc6512f400aaec", size = 11843403, upload-time = "2026-06-04T16:32:39.76Z" },
    { url = "https://files.pythonhosted.org/packages/15/19/016553f86f207450aebebc2b2b5088d086b901cc8186c02ac4284db3bd88/ruff-0.15.16-py3-none-win_arm64.whl", hash = "sha256:8cd61783afb39638a7133ef0d2dfb1e91277593962f81b5a8423eb0b888a6121", size = 11134555, upload-time = "2026-06-04T16:33:00.136Z" },
]

[[package]]
name = "tomlkit"
version = "0.15.0"
source = { registry = "https://pypi.org/simple" }
sdist = { url = "https://files.pythonhosted.org/packages/51/db/03eaf4331631ef6b27d6e3c9b68c54dc6f0d63d87201fed600cc409307fd/tomlkit-0.15.0.tar.gz", hash = "sha256:7d1a9ecba3086638211b13814ea79c90dd54dd11993564376f3aa92271f5c7a3", size = 161875, upload-time = "2026-05-10T07:38:22.245Z" }
wheels = [
    { url = "https://files.pythonhosted.org/packages/6a/43/8bd850ee71a191bf072e31302c73a66be413fecdd98fdcd111ecbcce13ca/tomlkit-0.15.0-py3-none-any.whl", hash = "sha256:4dbc8f0fc024412b57ced8757ac7461305126a648ff8c2c807fcb8e133a78738", size = 41328, upload-time = "2026-05-10T07:38:23.517Z" },
]
