version = 1
revision = 3
requires-python = ">=3.11"
resolution-markers = [
    "python_full_version >= '3.12'",
    "python_full_version < '3.12'",
]

[[package]]
name = "astroid"
version = "4.0.4"
source = { registry = "https://pypi.org/simple" }
sdist = { url = "https://files.pythonhosted.org/packages/07/63/0adf26577da5eff6eb7a177876c1cfa213856be9926a000f65c4add9692b/astroid-4.0.4.tar.gz", hash = "sha256:986fed8bcf79fb82c78b18a53352a0b287a73817d6dbcfba3162da36667c49a0", size = 406358, upload-time = "2026-02-07T23:35:07.509Z" }
wheels = [
    { url = "https://files.pythonhosted.org/packages/b0/cf/1c5f42b110e57bc5502eb80dbc3b03d256926062519224835ef08134f1f9/astroid-4.0.4-py3-none-any.whl", hash = "sha256:52f39653876c7dec3e3afd4c2696920e05c83832b9737afc21928f2d2eb7a753", size = 276445, upload-time = "2026-02-07T23:35:05.344Z" },
]

[[package]]
name = "capstone"
version = "5.0.7"
source = { registry = "https://pypi.org/simple" }
sdist = { url = "https://files.pythonhosted.org/packages/dd/9c/28b11f64e2425774efb21c206a6e952cfce6e3e2ef3e4b63cdae32ccd8a5/capstone-5.0.7.tar.gz", hash = "sha256:796bdd69b05fa124fc2aa2e74b9a0b3d4c4e7f3e02add5e583cf2f3bca282ede", size = 2945245, upload-time = "2026-02-09T22:51:56.392Z" }
wheels = [
    { url = "https://files.pythonhosted.org/packages/b2/91/98fdb020106469d2354920ffb989507f8c494d847eb9135202a0b20afe8d/capstone-5.0.7-py3-none-macosx_10_9_universal2.whl", hash = "sha256:388af4ddb9224d3b4f9269673ee575b3f94f77774d48b3f1a283ad13c29a106a", size = 2192836, upload-time = "2026-02-09T22:51:42.782Z" },
    { url = "https://files.pythonhosted.org/packages/b7/6c/f02847b3385651eb00a6a27049bd12982cdd61e981b248e7f0dc8ed15756/capstone-5.0.7-py3-none-macosx_10_9_x86_64.whl", hash = "sha256:a9f64e3d75d8c4d7b3d26bba153b2992aadcf6b8d57674b4ef176b4ecdd9822f", size = 1188995, upload-time = "2026-02-09T22:51:44.653Z" },
    { url = "https://files.pythonhosted.org/packages/8f/43/29cd1dbdb2b55bf339bca36444809503b8311dcc04898726a7e35b47ac86/capstone-5.0.7-py3-none-macosx_11_0_arm64.whl", hash = "sha256:acb89f5bf6f625745a104a3a44819d3acea173228055c1eadc60d2282ae490bb", size = 1200084, upload-time = "2026-02-09T22:51:45.668Z" },
    { url = "https://files.pythonhosted.org/packages/7d/32/084419edcd9a3efaadf5c22166de625090fae833aad0672ddd9fa436d1e2/capstone-5.0.7-py3-none-manylinux_2_17_aarch64.manylinux2014_aarch64.whl", hash = "sha256:c58546c814567c95e4b9a63bdb8624c960cb8508855c7c767d5f108d7bc09ce2", size = 1458867, upload-time = "2026-02-09T22:51:46.8Z" },
    { url = "https://files.pythonhosted.org/packages/15/3e/3a4f45dd4eda6fc8051f76bf3ed50ead6040d827000371211fbaaf057625/capstone-5.0.7-py3-none-manylinux_2_17_x86_64.manylinux2014_x86_64.whl", hash = "sha256:b809a9654844ce0d35099121a851ddd2ab2689df1ff6687037babcedcaae6391", size = 1482184, upload-time = "2026-02-09T22:51:48.467Z" },
    { url = "https://files.pythonhosted.org/packages/4b/a8/6b4df60c822aaeb42954ea6c9fdbf3410feaa6bea6dc3f18f6c363fd1ed2/capstone-5.0.7-py3-none-manylinux_2_5_i686.manylinux1_i686.manylinux_2_17_i686.manylinux2014_i686.whl", hash = "sha256:80b0f1b93fc703c419fda8cf84cfa017fd8909be62a4e88024273126ab16f006", size = 1481169, upload-time = "2026-02-09T22:51:49.574Z" },
    { url = "https://files.pythonhosted.org/packages/05/24/4162bbc2591091dfa6c161b4a9ef1a6eccb739c20798e58f59f917a8a3d1/capstone-5.0.7-py3-none-musllinux_1_2_aarch64.whl", hash = "sha256:467716e6555d50cb3526b290f0dbdccb5f961839b1f1e299b484fb5d814173e6", size = 1457760, upload-time = "2026-02-09T22:51:50.863Z" },
    { url = "https://files.pythonhosted.org/packages/e1/51/e3913f53ed03a8f7311b1efacbc1052811e129baa37b4f14e79da3cbc0c6/capstone-5.0.7-py3-none-musllinux_1_2_i686.whl", hash = "sha256:e551311d4b6dc344fe5518ef6decf4c2dfafe37bba9ad027a53a406930bc5c63", size = 1484528, upload-time = "2026-02-09T22:51:52.483Z" },
    { url = "https://files.pythonhosted.org/packages/0b/98/a7d631f7bca9de02357637cfab1fb90a67992905f2041357ac5732c8a4cd/capstone-5.0.7-py3-none-musllinux_1_2_x86_64.whl", hash = "sha256:a13437b28b136c886600e88bee192d25adf56ba1db5597ff5a0bec758bb9c533", size = 1486041, upload-time = "2026-02-09T22:51:53.729Z" },
    { url = "https://files.pythonhosted.org/packages/70/39/2138d890a8e827636b9de9924fbc8527fe83e38b6d26605b30ac55e30ebe/capstone-5.0.7-py3-none-win_amd64.whl", hash = "sha256:4ab8bcb7da8f221ff45926ca168ca33e76f7237d06fbf3c10780002faa2670e1", size = 1272204, upload-time = "2026-02-09T22:51:54.829Z" },
]

[[package]]
name = "colorama"
version = "0.4.6"
source = { registry = "https://pypi.org/simple" }
sdist = { url = "https://files.pythonhosted.org/packages/d8/53/6f443c9a4a8358a93a6792e2acffb9d9d5cb0a5cfd8802644b7b1c9a02e4/colorama-0.4.6.tar.gz", hash = "sha256:08695f5cb7ed6e0531a20572697297273c47b8cae5a63ffc6d6ed5c201be6e44", size = 27697, upload-time = "2022-10-25T02:36:22.414Z" }
wheels = [
    { url = "https://files.pythonhosted.org/packages/d1/d6/3965ed04c63042e047cb6a3e6ed1a63a35087b6a609aa3a15ed8ac56c221/colorama-0.4.6-py2.py3-none-any.whl", hash = "sha256:4f1d9991f5acc0ca119f9d443620b77f9d6b33703e51011c16baf57afb285fc6", size = 25335, upload-time = "2022-10-25T02:36:20.889Z" },
]

[[package]]
name = "dill"
version = "0.4.1"
source = { registry = "https://pypi.org/simple" }
sdist = { url = "https://files.pythonhosted.org/packages/81/e1/56027a71e31b02ddc53c7d65b01e68edf64dea2932122fe7746a516f75d5/dill-0.4.1.tar.gz", hash = "sha256:423092df4182177d4d8ba8290c8a5b640c66ab35ec7da59ccfa00f6fa3eea5fa", size = 187315, upload-time = "2026-01-19T02:36:56.85Z" }
wheels = [
    { url = "https://files.pythonhosted.org/packages/1e/77/dc8c558f7593132cf8fefec57c4f60c83b16941c574ac5f619abb3ae7933/dill-0.4.1-py3-none-any.whl", hash = "sha256:1e1ce33e978ae97fcfcff5638477032b801c46c7c65cf717f95fbc2248f79a9d", size = 120019, upload-time = "2026-01-19T02:36:55.663Z" },
]

[[package]]
name = "isort"
version = "8.0.1"
source = { registry = "https://pypi.org/simple" }
sdist = { url = "https://files.pythonhosted.org/packages/ef/7c/ec4ab396d31b3b395e2e999c8f46dec78c5e29209fac49d1f4dace04041d/isort-8.0.1.tar.gz", hash = "sha256:171ac4ff559cdc060bcfff550bc8404a486fee0caab245679c2abe7cb253c78d", size = 769592, upload-time = "2026-02-28T10:08:20.685Z" }
wheels = [
    { url = "https://files.pythonhosted.org/packages/3e/95/c7c34aa53c16353c56d0b802fba48d5f5caa2cdee7958acbcb795c830416/isort-8.0.1-py3-none-any.whl", hash = "sha256:28b89bc70f751b559aeca209e6120393d43fbe2490de0559662be7a9787e3d75", size = 89733, upload-time = "2026-02-28T10:08:19.466Z" },
]

[[package]]
name = "lief"
version = "0.17.6"
source = { registry = "https://pypi.org/simple" }
sdist = { url = "https://files.pythonhosted.org/packages/d9/b9/6b27bff4676de0db4231ca585ed35bc6e13f5430c1bbf0ad0e9d2e9f552f/lief-0.17.6.tar.gz", hash = "sha256:c2164243f152e82c49b0ccd606155b758644f4b1ee221f0dbd4da055469a922f", size = 7171, upload-time = "2026-03-18T06:59:43.351Z" }
wheels = [
    { url = "https://files.pythonhosted.org/packages/08/b9/ac73db72900eb87e9bd4f2b3b741a9af74bf632eb1b2823d72f922a76ee8/lief-0.17.6-cp311-cp311-macosx_11_0_arm64.whl", hash = "sha256:68cc28da07bd50a530590a56142c809a68035f29ace0b107046b0e0784650f50", size = 2989752, upload-time = "2026-03-18T06:57:33.557Z" },
    { url = "https://files.pythonhosted.org/packages/f5/78/fcc1fa1b79610a54c71e4acd4347948f30f07519ba598ce8e8b55a680478/lief-0.17.6-cp311-cp311-macosx_11_0_x86_64.whl", hash = "sha256:ba6fb4f5926f3631e0de13218bedce0cc6b229c7eb84fae095f0985385c8beb1", size = 3095326, upload-time = "2026-03-18T06:57:35.147Z" },
    { url = "https://files.pythonhosted.org/packages/cb/87/c27d7411c920497429da9364d0a02f34ef5605143f4531e0a3175966b59a/lief-0.17.6-cp311-cp311-manylinux2014_aarch64.whl", hash = "sha256:6dce8652883b5b7fe06b5416807a8bc3cc4c1ab3e498512d242c38925e8a7d77", size = 3665830, upload-time = "2026-03-18T06:57:37.115Z" },
    { url = "https://files.pythonhosted.org/packages/c7/c8/9fc1cbe95ec6b5c963152c2136ab59cc9baf30b54402a8dda5c8e53a8f34/lief-0.17.6-cp311-cp311-manylinux_2_28_i686.whl", hash = "sha256:3ae021be2d65ea6f522884356c152ddf25d16674bab00240b04abe83c1cd5cb8", size = 3468663, upload-time = "2026-03-18T06:57:39.048Z" },
    { url = "https://files.pythonhosted.org/packages/96/1b/16128615044653349ec6322a5303f50fa2036b8c7fe4c6532191f6cb21c2/lief-0.17.6-cp311-cp311-manylinux_2_28_x86_64.whl", hash = "sha256:94463d54bc5ecce9e3ae3855a084bacd5b473a23c1a080746bf54a0ed0339255", size = 3392279, upload-time = "2026-03-18T06:57:41.849Z" },
    { url = "https://files.pythonhosted.org/packages/fe/57/e6a834f792399a958bab70273899511ce3866b340b96950b948234f5e1e5/lief-0.17.6-cp311-cp311-musllinux_1_2_aarch64.whl", hash = "sha256:f471fa92430de76b84aa9d036d7fa7cd14256a81814fd3a055d156462fb5bb56", size = 3587501, upload-time = "2026-03-18T06:57:43.439Z" },
    { url = "https://files.pythonhosted.org/packages/34/cc/67804187ccc810b5d0f0da9e96f8f6dc08f42c966d5f4ebd6646c236d2d8/lief-0.17.6-cp311-cp311-musllinux_1_2_i686.whl", hash = "sha256:4e03969294b3be2728162fd3ce15f9f6d1571ba05f62abbb6aa9512c656e22c3", size = 3925847, upload-time = "2026-03-18T06:57:45.152Z" },
    { url = "https://files.pythonhosted.org/packages/b9/66/51af5df317631dc9fb974c3fe9061148519b8af492c2bfc6d60ffc6eff83/lief-0.17.6-cp311-cp311-musllinux_1_2_x86_64.whl", hash = "sha256:7b690c719abf67632701ff69e14a22610eef79100b51abc5e7fbdc70a3d19504", size = 3695570, upload-time = "2026-03-18T06:57:47.075Z" },
    { url = "https://files.pythonhosted.org/packages/7f/4a/0a65be6faf0a4426e3cf71ce49565da0c12a745d4bcb623309467803a26d/lief-0.17.6-cp311-cp311-win32.whl", hash = "sha256:fb8ea20af86b25b852d7fa4ba96cdaab2184b1a1529469786b2474dc2e1be446", size = 3439338, upload-time = "2026-03-18T06:57:48.664Z" },
    { url = "https://files.pythonhosted.org/packages/27/6a/5c79df6a36e249332a661dfb6d0a892af657d561d03f4838d491f3922875/lief-0.17.6-cp311-cp311-win_amd64.whl", hash = "sha256:347495918478606fc47d90a503791c308812f0a3ef5200b2c1e577e0bebd7c7e", size = 3627765, upload-time = "2026-03-18T06:57:50.665Z" },
    { url = "https://files.pythonhosted.org/packages/7a/31/a1ba3dc448cd560622dee015fdfd76c689eb150e9d60b59ebdf1908d074a/lief-0.17.6-cp311-cp311-win_arm64.whl", hash = "sha256:1b8339f385b64bf9da42ac8f5d5fc4c9f4235c4d9d804e472ffe8f1fddc830cb", size = 3458551, upload-time = "2026-03-18T06:57:52.178Z" },
    { url = "https://files.pythonhosted.org/packages/1f/29/e7a0dabcb853867da70fda2b397012dd3d9ef4994ab7e8bd21f248bea64b/lief-0.17.6-cp312-cp312-macosx_11_0_arm64.whl", hash = "sha256:c5a19642e42578fe0b701bd86b10dd7e86d69c35c67d25ac1433f72410a7c2bb", size = 2997018, upload-time = "2026-03-18T06:57:53.686Z" },
    { url = "https://files.pythonhosted.org/packages/97/1b/ad22e3e18b462ad3e3737cd07f01b88fbaf59c84cec66c665832a48441e2/lief-0.17.6-cp312-cp312-macosx_11_0_x86_64.whl", hash = "sha256:e1ded9ee9b5184b5753e4823343e3550a623d34f5407cb2f8d7918e17856d860", size = 3106901, upload-time = "2026-03-18T06:57:55.293Z" },
    { url = "https://files.pythonhosted.org/packages/d5/22/d80506bad2b23d7010ab7c23e81c6c9b099b2860136fd2ae724a2ab2b820/lief-0.17.6-cp312-cp312-manylinux2014_aarch64.whl", hash = "sha256:e29552f52749249c9b05041d96d9156de20207d745916d599b4eb49ee7a8e1bf", size = 3666809, upload-time = "2026-03-18T06:57:57.105Z" },
    { url = "https://files.pythonhosted.org/packages/f4/99/db752fef6c3455c7612a46a834f37a955e329af60546f0e82510653144cd/lief-0.17.6-cp312-cp312-manylinux_2_28_i686.whl", hash = "sha256:e186ac1ea8a5f4729c4b8d2b7f2fe6c55dbf1eddd8bc15fa4d19ed08dfa6cc54", size = 3473955, upload-time = "2026-03-18T06:57:59.043Z" },
    { url = "https://files.pythonhosted.org/packages/6b/9f/77ca67789fda7fee355c8b4e6c58c0717fa4c5c3c5a4272777eb993df172/lief-0.17.6-cp312-cp312-manylinux_2_28_x86_64.whl", hash = "sha256:1df9b22f3851de7d0e86a8731ad07e47ca562ebe430605d90aecfcd6d20125d0", size = 3402099, upload-time = "2026-03-18T06:58:00.999Z" },
    { url = "https://files.pythonhosted.org/packages/82/43/859b6fbd1914d71e20047308719765956856a6f1f19bbbdac44311cd9eda/lief-0.17.6-cp312-cp312-musllinux_1_2_aarch64.whl", hash = "sha256:6484de5a7053c1b7022cb93f41450532f93daaf6b5ce6421c682b87fd2cd2122", size = 3589071, upload-time = "2026-03-18T06:58:02.685Z" },
    { url = "https://files.pythonhosted.org/packages/74/d5/7a042746ca0ac66f17b5dfe9ec3258cdf6bf84d0ba13a23315605038d52e/lief-0.17.6-cp312-cp312-musllinux_1_2_i686.whl", hash = "sha256:04b07e91213ce345febb4698efd310c6745f48190a1d7ce5dd0e7b306839362d", size = 3931684, upload-time = "2026-03-18T06:58:05.038Z" },
    { url = "https://files.pythonhosted.org/packages/21/18/dbe8944ce3a809885ff87afe474c1be3081f1deb264e84a79c5c05b4a6e3/lief-0.17.6-cp312-cp312-musllinux_1_2_x86_64.whl", hash = "sha256:5df55be6cd29c654b8a205846d67637955063ad0cfd83875451f339cf623b101", size = 3703617, upload-time = "2026-03-18T06:58:06.814Z" },
    { url = "https://files.pythonhosted.org/packages/a0/16/c83222badede13959735f3b253fb52d231327b5386d6fd2cf9e3d4b83933/lief-0.17.6-cp312-cp312-win32.whl", hash = "sha256:0aca84f35ec67854ffdb38a23b1848cb214df3e3f95eb7579bac3107e9f68cc8", size = 3446288, upload-time = "2026-03-18T06:58:08.987Z" },
    { url = "https://files.pythonhosted.org/packages/17/d7/cd49540bb32fde031e612044d1345c381e79e5b0729b47ca6b9694a47071/lief-0.17.6-cp312-cp312-win_amd64.whl", hash = "sha256:5a34d651eb82e24a113f837b1a961d23e155be41d72bf39a37407854c6597a8b", size = 3639449, upload-time = "2026-03-18T06:58:10.821Z" },
    { url = "https://files.pythonhosted.org/packages/2e/96/c557b6757b72cfaea89a432e9d0a5ea669970ef9ae8086a17d1f73274156/lief-0.17.6-cp312-cp312-win_arm64.whl", hash = "sha256:234a422fe7158e755ac0acdd0bfdfd41f75392dad9dac147dd3b9c7a9f1a6811", size = 3461129, upload-time = "2026-03-18T06:58:12.651Z" },
    { url = "https://files.pythonhosted.org/packages/9a/40/285c39e29bf7ecf5045f5aef1344419d23ae4c729671157406988570ce02/lief-0.17.6-cp313-cp313-macosx_11_0_arm64.whl", hash = "sha256:7384abed26200f8c6cb50ca9cedac70e7452e85fe72e82d4c5e9050c78eff0ae", size = 2990524, upload-time = "2026-03-18T06:58:14.172Z" },
    { url = "https://files.pythonhosted.org/packages/ac/82/afc7124787b4ae13d84135341d4721da9ed8f699a940bc7e2851e6d25c62/lief-0.17.6-cp313-cp313-macosx_11_0_x86_64.whl", hash = "sha256:7b7759b443745d0e5211d87723c0a84c4a74364ef6194cc8f8d315d98d117648", size = 3106720, upload-time = "2026-03-18T06:58:16.04Z" },
    { url = "https://files.pythonhosted.org/packages/50/96/8aca6e7e70d68cdbd6aecf2adbb88bef1194d5657794c522a09cb0ddafd2/lief-0.17.6-cp313-cp313-manylinux2014_aarch64.whl", hash = "sha256:3e59a64012a602772270aa1a930cff9c39cddca42f0ca5d7f1959f4dd951f38e", size = 3666563, upload-time = "2026-03-18T06:58:18.28Z" },
    { url = "https://files.pythonhosted.org/packages/80/c1/5bdfd614a740f4bd22c20abb4c3b352f082fe75980ea73e6d4fccf356f37/lief-0.17.6-cp313-cp313-manylinux_2_28_i686.whl", hash = "sha256:f764c77c848cf7478623e754099f50699d5e23b5bc4a34ce68cd20af7e0b5541", size = 3473626, upload-time = "2026-03-18T06:58:20.048Z" },
    { url = "https://files.pythonhosted.org/packages/7c/f5/bf4be32af7b1892a8a1a2d3edb75a6a418548801548f39f3f879a6d3be73/lief-0.17.6-cp313-cp313-manylinux_2_28_x86_64.whl", hash = "sha256:520e5f8a7b1e2487630e27639751d9fb13c94205fed72d358a87994e44a73815", size = 3402364, upload-time = "2026-03-18T06:58:21.871Z" },
    { url = "https://files.pythonhosted.org/packages/eb/c5/84aa0c62636d0e0e9754cbab77ab9bb21b306e0be707475045b3d4dc5947/lief-0.17.6-cp313-cp313-musllinux_1_2_aarch64.whl", hash = "sha256:dbfe15d3d21d389857dac8cedc04f03f8ef98c5503e5e147a34480ecbf351826", size = 3589949, upload-time = "2026-03-18T06:58:23.634Z" },
    { url = "https://files.pythonhosted.org/packages/e3/69/d5444ef2ec27adb777f4c08248a934dfdc2c65c1e4f66fbe10faf65fa01f/lief-0.17.6-cp313-cp313-musllinux_1_2_i686.whl", hash = "sha256:de5716279c82640359fe59137ec0572a1ed9859051c1d901de593d6e0e99d9c8", size = 3931688, upload-time = "2026-03-18T06:58:25.49Z" },
    { url = "https://files.pythonhosted.org/packages/58/53/2b8083800a6bc9f157a40ed30b53e6ca81147af565de46623891a45336b0/lief-0.17.6-cp313-cp313-musllinux_1_2_x86_64.whl", hash = "sha256:ef618117ec33665697e3d1fe9c15fac8d6c42e2eeaf4aca9c31ea12fdb056c67", size = 3703589, upload-time = "2026-03-18T06:58:27.27Z" },
    { url = "https://files.pythonhosted.org/packages/1a/ea/51e90c58b40bc316307f2081160ab6100b9e7d177fde3225b441085defd2/lief-0.17.6-cp313-cp313-win32.whl", hash = "sha256:2f669d5b4e63c6e66cac48e07d0f23436bf898ec9d0630016d23250e2eb43d28", size = 3446184, upload-time = "2026-03-18T06:58:28.981Z" },
    { url = "https://files.pythonhosted.org/packages/6b/73/8ddc48c492f3295637a6aa13f07c67387d80c815ee779443938689dc59b4/lief-0.17.6-cp313-cp313-win_amd64.whl", hash = "sha256:51b6c5932d4f36d61fb17fe783d9e1bfba33ec1d72b3d07486c96e6f548781ff", size = 3639310, upload-time = "2026-03-18T06:58:31.162Z" },
    { url = "https://files.pythonhosted.org/packages/bf/bf/b7802b6578ca3a6506aaac6696ac1e8de500419fee3cd288184e82a8c2aa/lief-0.17.6-cp313-cp313-win_arm64.whl", hash = "sha256:6d4eb8adce400af52cc174ac5cbe40ab10b9df5824193975d12e2d4f85b298a3", size = 3461166, upload-time = "2026-03-18T06:58:32.975Z" },
    { url = "https://files.pythonhosted.org/packages/6b/2f/1a0a116cdf4f0e9f1846e34676deed3b1275c432cde8b3aafd4ff9a77175/lief-0.17.6-cp314-cp314-macosx_11_0_arm64.whl", hash = "sha256:af39643ab79ae644d2063a2ef93de908e61a8f40e37b155683c477c1928e6c64", size = 2990571, upload-time = "2026-03-18T06:58:35.046Z" },
    { url = "https://files.pythonhosted.org/packages/76/bd/1bc1c1e364c06b74b9f16089f05622a29ed995fa8b5aba86e0a9fe5500a0/lief-0.17.6-cp314-cp314-macosx_11_0_x86_64.whl", hash = "sha256:c8129a70bc73e04fd9db4f49f386d4336a3a78ceef07c83ca74f9cf464c03c22", size = 3108044, upload-time = "2026-03-18T06:58:36.871Z" },
    { url = "https://files.pythonhosted.org/packages/80/bd/9fab6a9388fec0eec6fc975a1f49e2ff12dd4d75bfebc05d824a612c732c/lief-0.17.6-cp314-cp314-manylinux2014_aarch64.whl", hash = "sha256:b5885e8a422066f3691b9707045b85d9728eaba621991def0b4e0044b0b0b063", size = 3671717, upload-time = "2026-03-18T06:58:39.111Z" },
    { url = "https://files.pythonhosted.org/packages/86/fe/470e32a95d0d95dccee560405cc217b9a739fa96a9536e08515ca3a8df44/lief-0.17.6-cp314-cp314-manylinux_2_28_i686.whl", hash = "sha256:6324add89c366607a6d652553e4cac6309e952ca638c24f38a8b00331f064a50", size = 3473999, upload-time = "2026-03-18T06:58:40.84Z" },
    { url = "https://files.pythonhosted.org/packages/7e/0f/1dcc499697f747a9b8f5274659774a1e6529aa180d59a297619842bf458f/lief-0.17.6-cp314-cp314-manylinux_2_28_x86_64.whl", hash = "sha256:365bf48528339a0d9a5c993b0a54f5c3bb8fcd11ca85797c79f9ae6179777492", size = 3403400, upload-time = "2026-03-18T06:58:42.647Z" },
    { url = "https://files.pythonhosted.org/packages/fb/3a/7e39b5dc0c393142a72e4272c6c812d01eb9e45411f3a9afb88157389aa4/lief-0.17.6-cp314-cp314-musllinux_1_2_aarch64.whl", hash = "sha256:3bd852c4d934d9c8357d6b9491db85e6722bc0076249f8b23a205a8912a85ed5", size = 3589670, upload-time = "2026-03-18T06:58:44.707Z" },
    { url = "https://files.pythonhosted.org/packages/de/7b/b0ffc4a08860f3499d915c4efab20f5abde6722d659c5391332d06957679/lief-0.17.6-cp314-cp314-musllinux_1_2_i686.whl", hash = "sha256:8561a156ccea562e200e5bde0db8070785e3194fcd0ddf9109c8470970978076", size = 3931468, upload-time = "2026-03-18T06:58:46.894Z" },
    { url = "https://files.pythonhosted.org/packages/33/25/0992398b5ce911e29bf7d6a3e1724259358aebe5da543044d3b9ad9b4ffa/lief-0.17.6-cp314-cp314-musllinux_1_2_x86_64.whl", hash = "sha256:a74f792564a5e69915d08530618d79aa1fd8b5e7b72513fac765e1106c63f57a", size = 3705396, upload-time = "2026-03-18T06:58:48.665Z" },
    { url = "https://files.pythonhosted.org/packages/8f/51/f79886a906eee3a5abc58dc30da1e6c22c41c868e0df446fb280ff2344cb/lief-0.17.6-cp314-cp314-win32.whl", hash = "sha256:503fd8df6425a6c0386df9ca6e4f4ce29d07d268f0620ee1d4059eb4d48c2562", size = 3446331, upload-time = "2026-03-18T06:58:50.52Z" },
    { url = "https://files.pythonhosted.org/packages/83/6f/d396dae3808a35699c4be74e356d3e05f58e150fc14b49c39f0bacb62e11/lief-0.17.6-cp314-cp314-win_amd64.whl", hash = "sha256:918ea953830ecf348e5a8d9cf0b1a178035d6d4032bf2a9aa1dc72483e06b3a1", size = 3638021, upload-time = "2026-03-18T06:58:52.275Z" },
    { url = "https://files.pythonhosted.org/packages/e3/4c/02df1befee243e4c14bf5740c391178ba4f7b4602ff08936da170341afe9/lief-0.17.6-cp314-cp314-win_arm64.whl", hash = "sha256:7dcefa6467f0f0d75413a10e7869e488344347f0c67eff5bc49ec216714f0674", size = 3462306, upload-time = "2026-03-18T06:58:54.937Z" },
]

[[package]]
name = "macho-diff"
version = "0.1.0"
source = { editable = "." }
dependencies = [
    { name = "capstone" },
    { name = "lief" },
]

[package.dev-dependencies]
dev = [
    { name = "pylint" },
    { name = "ruff" },
]

[package.metadata]
requires-dist = [
    { name = "capstone", specifier = ">=5.0.7" },
    { name = "lief", specifier = ">=0.17.6" },
]

[package.metadata.requires-dev]
dev = [
    { name = "pylint", specifier = ">=4.0.5" },
    { name = "ruff", specifier = ">=0.15.14" },
]

[[package]]
name = "mccabe"
version = "0.7.0"
source = { registry = "https://pypi.org/simple" }
sdist = { url = "https://files.pythonhosted.org/packages/e7/ff/0ffefdcac38932a54d2b5eed4e0ba8a408f215002cd178ad1df0f2806ff8/mccabe-0.7.0.tar.gz", hash = "sha256:348e0240c33b60bbdf4e523192ef919f28cb2c3d7d5c7794f74009290f236325", size = 9658, upload-time = "2022-01-24T01:14:51.113Z" }
wheels = [
    { url = "https://files.pythonhosted.org/packages/27/1a/1f68f9ba0c207934b35b86a8ca3aad8395a3d6dd7921c0686e23853ff5a9/mccabe-0.7.0-py2.py3-none-any.whl", hash = "sha256:6c2d30ab6be0e4a46919781807b4f0d834ebdd6c6e3dca0bda5a15f863427b6e", size = 7350, upload-time = "2022-01-24T01:14:49.62Z" },
]

[[package]]
name = "platformdirs"
version = "4.9.6"
source = { registry = "https://pypi.org/simple" }
sdist = { url = "https://files.pythonhosted.org/packages/9f/4a/0883b8e3802965322523f0b200ecf33d31f10991d0401162f4b23c698b42/platformdirs-4.9.6.tar.gz", hash = "sha256:3bfa75b0ad0db84096ae777218481852c0ebc6c727b3168c1b9e0118e458cf0a", size = 29400, upload-time = "2026-04-09T00:04:10.812Z" }
wheels = [
    { url = "https://files.pythonhosted.org/packages/75/a6/a0a304dc33b49145b21f4808d763822111e67d1c3a32b524a1baf947b6e1/platformdirs-4.9.6-py3-none-any.whl", hash = "sha256:e61adb1d5e5cb3441b4b7710bea7e4c12250ca49439228cc1021c00dcfac0917", size = 21348, upload-time = "2026-04-09T00:04:09.463Z" },
]

[[package]]
name = "pylint"
version = "4.0.5"
source = { registry = "https://pypi.org/simple" }
dependencies = [
    { name = "astroid" },
    { name = "colorama", marker = "sys_platform == 'win32'" },
    { name = "dill" },
    { name = "isort" },
    { name = "mccabe" },
    { name = "platformdirs" },
    { name = "tomlkit" },
]
sdist = { url = "https://files.pythonhosted.org/packages/e4/b6/74d9a8a68b8067efce8d07707fe6a236324ee1e7808d2eb3646ec8517c7d/pylint-4.0.5.tar.gz", hash = "sha256:8cd6a618df75deb013bd7eb98327a95f02a6fb839205a6bbf5456ef96afb317c", size = 1572474, upload-time = "2026-02-20T09:07:33.621Z" }
wheels = [
    { url = "https://files.pythonhosted.org/packages/d5/6f/9ac2548e290764781f9e7e2aaf0685b086379dabfb29ca38536985471eaf/pylint-4.0.5-py3-none-any.whl", hash = "sha256:00f51c9b14a3b3ae08cff6b2cdd43f28165c78b165b628692e428fb1f8dc2cf2", size = 536694, upload-time = "2026-02-20T09:07:31.028Z" },
]

[[package]]
name = "ruff"
version = "0.15.14"
source = { registry = "https://pypi.org/simple" }
sdist = { url = "https://files.pythonhosted.org/packages/dc/8a/8bce2894573e9dae6ff4d77fe34ad727d79b9e6238ad288c5638990d90f6/ruff-0.15.14.tar.gz", hash = "sha256:48e866b165be4a9bdbf310f7d3c9a07edef2fe8cd63ffeb4e00bb590506ebf9f", size = 4700910, upload-time = "2026-05-21T14:34:55.177Z" }
wheels = [
    { url = "https://files.pythonhosted.org/packages/b9/c8/74a92c6ff9fcfb4f1f947126d3ebee8389276e161ecc85de5bda7cda51bd/ruff-0.15.14-py3-none-linux_armv6l.whl", hash = "sha256:8dd2db9416e487c8d4b01fa7056bb02c4d05969d4f8d17a08c229c2f4ff3c108", size = 10739177, upload-time = "2026-05-21T14:34:37.332Z" },
    { url = "https://files.pythonhosted.org/packages/45/91/254a35c20acc38a7223c9d2d594af12e794432464f2cdeb52af1dc4a892d/ruff-0.15.14-py3-none-macosx_10_12_x86_64.whl", hash = "sha256:be4ff55af755bd71a00ab3dc6bd7ffc467bd76e0df6881e286c2e3d23e8fb43b", size = 11144969, upload-time = "2026-05-21T14:34:43.978Z" },
    { url = "https://files.pythonhosted.org/packages/56/9e/d13e40f83b8d0a94430e6778ce1d94a43b38cf2efe63278bdd2b4c65abbf/ruff-0.15.14-py3-none-macosx_11_0_arm64.whl", hash = "sha256:48d5909d7d06276ce7dde6d32bfa4b0d4cb2651145cd8ee4b440722cbc77832f", size = 10478207, upload-time = "2026-05-21T14:34:48.378Z" },
    { url = "https://files.pythonhosted.org/packages/8d/f1/b15a7839fa4f332f8acec78e20564f26bb2d866e3d21710b877fd0263000/ruff-0.15.14-py3-none-manylinux_2_17_aarch64.manylinux2014_aarch64.whl", hash = "sha256:ca8cbfa94c4f90984a67561978602746d4cd27103568f745fa90eee3f0d4107d", size = 10818459, upload-time = "2026-05-21T14:34:22.318Z" },
    { url = "https://files.pythonhosted.org/packages/45/33/53d651177f84f94b400a0e27f8824eeada3dddc9d5ee8aeb048f4352a520/ruff-0.15.14-py3-none-manylinux_2_17_armv7l.manylinux2014_armv7l.whl", hash = "sha256:9a6bbc0333f1ab053423bcbf6226477d266ca7cec7738c4c8e3f55647803f3c4", size = 10541800, upload-time = "2026-05-21T14:34:20.209Z" },
    { url = "https://files.pythonhosted.org/packages/b8/a6/868f87e0bf9786ed24b5d0d0ad8676b8a94fd1912f42cddf9cfc7857818a/ruff-0.15.14-py3-none-manylinux_2_17_i686.manylinux2014_i686.whl", hash = "sha256:8a24a4f7605d7003a6674d4387651effd939dead3fddd0f36561eb77a9a2e542", size = 11342149, upload-time = "2026-05-21T14:34:46.365Z" },
    { url = "https://files.pythonhosted.org/packages/a7/8b/38cd5c19faffdcc05a408d2b78edccc69492ab9720eadb49ea15ef80d768/ruff-0.15.14-py3-none-manylinux_2_17_ppc64le.manylinux2014_ppc64le.whl", hash = "sha256:049b5326e53ed80978f2fc041a280603f69dd6b0c95464342a2bb4572d9d9e2f", size = 12212563, upload-time = "2026-05-21T14:34:28.579Z" },
    { url = "https://files.pythonhosted.org/packages/3e/4d/a3c5b874a556d5731e3e657aaf04311bb76f0a5c3ec220ed43051be6b64b/ruff-0.15.14-py3-none-manylinux_2_17_s390x.manylinux2014_s390x.whl", hash = "sha256:d4ed42e6696c8dfa5f06728e6441993901f548eb92d73bc472cb5a38d1395fbf", size = 11493299, upload-time = "2026-05-21T14:34:41.836Z" },
    { url = "https://files.pythonhosted.org/packages/1e/c0/56472c251d09858a53e51efbd485b09e1995d8731668b76d52e5dd6ee0f1/ruff-0.15.14-py3-none-manylinux_2_17_x86_64.manylinux2014_x86_64.whl", hash = "sha256:715c543cf450c4888251f91c52f1942a800541d9bddd7ac060aa4e6b77ae7cba", size = 11455931, upload-time = "2026-05-21T14:34:57.276Z" },
    { url = "https://files.pythonhosted.org/packages/2c/4a/e2e7b4d8dbf233d4eace59c75bc3435fa6d8bd3bae82d351d4e4300c0fd1/ruff-0.15.14-py3-none-manylinux_2_31_riscv64.whl", hash = "sha256:72ebab6013ec887d439d8b7593737a0a4ffb06d45d209d4e4bf2e92813082d3f", size = 11400794, upload-time = "2026-05-21T14:34:39.773Z" },
    { url = "https://files.pythonhosted.org/packages/97/c7/83c0539fe34c3e09136204d1e75d6052492364e0b3cb05e9465423f567d7/ruff-0.15.14-py3-none-musllinux_1_2_aarch64.whl", hash = "sha256:49072d36abdbe97a8dd7f480afe9c675699c0c495d4c84076e2c1203c4550581", size = 10804759, upload-time = "2026-05-21T14:34:31.045Z" },
    { url = "https://files.pythonhosted.org/packages/86/a6/18f2bfc095a2ab4a78745644e428205532ce6653a5d0fa8501572891534d/ruff-0.15.14-py3-none-musllinux_1_2_armv7l.whl", hash = "sha256:958522aee105068640c2c2ceae08f413ae44d922f52a1374ac13d6a96032fc93", size = 10539517, upload-time = "2026-05-21T14:34:53.064Z" },
    { url = "https://files.pythonhosted.org/packages/54/3a/5a8b3b69c654d4e4bf1d246ac5b49cbcdac6eaab6905925f8915f31e3b80/ruff-0.15.14-py3-none-musllinux_1_2_i686.whl", hash = "sha256:f3707da619a143a2e8830e2abab8224478d69ace2d28cb6c20543ae97c36bf61", size = 11065169, upload-time = "2026-05-21T14:34:24.484Z" },
    { url = "https://files.pythonhosted.org/packages/ed/c5/8864e4e7925b836ea354b31d57641ec03830564e281a8b6f061f8c3e0ec1/ruff-0.15.14-py3-none-musllinux_1_2_x86_64.whl", hash = "sha256:bb01d645694e3ec0102105d07ef2d53703970407d59c04e59d3ba0b7a1d53553", size = 11560214, upload-time = "2026-05-21T14:34:50.975Z" },
    { url = "https://files.pythonhosted.org/packages/36/38/012bf76752e1f89ed50b77b99532d90f3a3e287bc7918e1fc0948ac866ac/ruff-0.15.14-py3-none-win32.whl", hash = "sha256:6d0c1ad2a0ab718d39b6d8fd2217981ce4d625cd96a720095f798fb47d8b13e6", size = 10805548, upload-time = "2026-05-21T14:34:33.453Z" },
    { url = "https://files.pythonhosted.org/packages/d1/b7/4ea2c170f10ad760fff2a5250beb18897719dc8b52b53a24cddbb9dd3f19/ruff-0.15.14-py3-none-win_amd64.whl", hash = "sha256:802342981e056db3851a7836e5b070f8f15f67d4a685ae2a6160939d364b2902", size = 11939523, upload-time = "2026-05-21T14:34:18.077Z" },
    { url = "https://files.pythonhosted.org/packages/62/d5/bc97ff895ec35cf3925d4bd60f3b39d822f377a446906ec9bcc87405e59b/ruff-0.15.14-py3-none-win_arm64.whl", hash = "sha256:ff47b90a9ef6a40c9e2f3b479c1fb78531adf055b94c1eba0a7ba04b31951826", size = 11208607, upload-time = "2026-05-21T14:34:26.525Z" },
]

[[package]]
name = "tomlkit"
version = "0.15.0"
source = { registry = "https://pypi.org/simple" }
sdist = { url = "https://files.pythonhosted.org/packages/51/db/03eaf4331631ef6b27d6e3c9b68c54dc6f0d63d87201fed600cc409307fd/tomlkit-0.15.0.tar.gz", hash = "sha256:7d1a9ecba3086638211b13814ea79c90dd54dd11993564376f3aa92271f5c7a3", size = 161875, upload-time = "2026-05-10T07:38:22.245Z" }
wheels = [
    { url = "https://files.pythonhosted.org/packages/6a/43/8bd850ee71a191bf072e31302c73a66be413fecdd98fdcd111ecbcce13ca/tomlkit-0.15.0-py3-none-any.whl", hash = "sha256:4dbc8f0fc024412b57ced8757ac7461305126a648ff8c2c807fcb8e133a78738", size = 41328, upload-time = "2026-05-10T07:38:23.517Z" },
]
